
Microsoft Visual Studio Solution File, Format Version 12.00
# Visual Studio Version 17
VisualStudioVersion = 17.13.35505.181
MinimumVisualStudioVersion = 10.0.40219.1
Project("{FAE04EC0-301F-11D3-BF4B-00C04F79EFBC}") = "Microsoft.VisualStudio.Jdt", "Microsoft.VisualStudio.Jdt\Microsoft.VisualStudio.Jdt.csproj", "{E4517B62-6E49-47A9-93A3-889B2E0A92B5}"
EndProject
Project("{2150E333-8FDC-42A3-9474-1A3956D46DE8}") = "Solution Items", "Solution Items", "{386BAD62-57B8-4AEB-AEE5-D122A8330656}"
	ProjectSection(SolutionItems) = preProject
		Directory.Build.props = Directory.Build.props
		Directory.Build.targets = Directory.Build.targets
		..\Directory.Packages.props = ..\Directory.Packages.props
		stylecop.json = stylecop.json
		version.json = version.json
	EndProjectSection
EndProject
Project("{FAE04EC0-301F-11D3-BF4B-00C04F79EFBC}") = "Microsoft.VisualStudio.Jdt.Tests", "..\test\Microsoft.VisualStudio.Jdt.Tests\Microsoft.VisualStudio.Jdt.Tests.csproj", "{DC4029BB-86FD-AC0B-8024-03ECD0301F86}"
EndProject
Global
	GlobalSection(SolutionConfigurationPlatforms) = preSolution
		Debug|Any CPU = Debug|Any CPU
		Release|Any CPU = Release|Any CPU
	EndGlobalSection
	GlobalSection(ProjectConfigurationPlatforms) = postSolution
		{E4517B62-6E49-47A9-93A3-889B2E0A92B5}.Debug|Any CPU.ActiveCfg = Debug|Any CPU
		{E4517B62-6E49-47A9-93A3-889B2E0A92B5}.Debug|Any CPU.Build.0 = Debug|Any CPU
		{E4517B62-6E49-47A9-93A3-889B2E0A92B5}.Release|Any CPU.ActiveCfg = Release|Any CPU
		{E4517B62-6E49-47A9-93A3-889B2E0A92B5}.Release|Any CPU.Build.0 = Release|Any CPU
		{DC4029BB-86FD-AC0B-8024-03ECD0301F86}.Debug|Any CPU.ActiveCfg = Debug|Any CPU
		{DC4029BB-86FD-AC0B-8024-03ECD0301F86}.Debug|Any CPU.Build.0 = Debug|Any CPU
		{DC4029BB-86FD-AC0B-8024-03ECD0301F86}.Release|Any CPU.ActiveCfg = Release|Any CPU
		{DC4029BB-86FD-AC0B-8024-03ECD0301F86}.Release|Any CPU.Build.0 = Release|Any CPU
	EndGlobalSection
	GlobalSection(SolutionProperties) = preSolution
		HideSolutionNode = FALSE
	EndGlobalSection
	GlobalSection(ExtensibilityGlobals) = postSolution
		SolutionGuid = {F194D4D1-A28A-4C19-941E-BF828EA6DD8C}
	EndGlobalSection
EndGlobal
